{
  "name": "flow",
  "version": "1.0.0",
  "lockfileVersion": 1,
  "requires": true,
  "dependencies": {
    "flow-bin": {
      "version": "0.161.0",
      "resolved": "https://registry.npmmirror.com/flow-bin/download/flow-bin-0.161.0.tgz",
      "integrity": "sha1-HAPqSp4wNqi8Y58FC9jcb1KI6Ls=",
      "dev": true
    }
  }
}
